
Microsoft Visual Studio Solution File, Format Version 12.00
# Visual Studio 2013
VisualStudioVersion = 12.0.21005.1
MinimumVisualStudioVersion = 10.0.40219.1
Project("{FAE04EC0-301F-11D3-BF4B-00C04F79EFBC}") = "Bai2.1", "Bai2.1\Bai2.1.csproj", "{344E3B56-A1AD-4965-8292-B41E323E2973}"
EndProject
Project("{FAE04EC0-301F-11D3-BF4B-00C04F79EFBC}") = "Bai2.2", "Bai2.2\Bai2.2.csproj", "{56054946-95F7-4B97-85BC-7777BC13817B}"
EndProject
Project("{FAE04EC0-301F-11D3-BF4B-00C04F79EFBC}") = "Bai2.3", "Bai2.3\Bai2.3.csproj", "{3972595D-0EB8-45B4-84FD-C7182145B30A}"
EndProject
Project("{FAE04EC0-301F-11D3-BF4B-00C04F79EFBC}") = "Bai2.4", "Bai2.4\Bai2.4.csproj", "{828CE048-5E69-42A0-B6D8-31451D423912}"
EndProject
Global
	GlobalSection(SolutionConfigurationPlatforms) = preSolution
		Debug|Any CPU = Debug|Any CPU
		Release|Any CPU = Release|Any CPU
	EndGlobalSection
	GlobalSection(ProjectConfigurationPlatforms) = postSolution
		{344E3B56-A1AD-4965-8292-B41E323E2973}.Debug|Any CPU.ActiveCfg = Debug|Any CPU
		{344E3B56-A1AD-4965-8292-B41E323E2973}.Debug|Any CPU.Build.0 = Debug|Any CPU
		{344E3B56-A1AD-4965-8292-B41E323E2973}.Release|Any CPU.ActiveCfg = Release|Any CPU
		{344E3B56-A1AD-4965-8292-B41E323E2973}.Release|Any CPU.Build.0 = Release|Any CPU
		{56054946-95F7-4B97-85BC-7777BC13817B}.Debug|Any CPU.ActiveCfg = Debug|Any CPU
		{56054946-95F7-4B97-85BC-7777BC13817B}.Debug|Any CPU.Build.0 = Debug|Any CPU
		{56054946-95F7-4B97-85BC-7777BC13817B}.Release|Any CPU.ActiveCfg = Release|Any CPU
		{56054946-95F7-4B97-85BC-7777BC13817B}.Release|Any CPU.Build.0 = Release|Any CPU
		{3972595D-0EB8-45B4-84FD-C7182145B30A}.Debug|Any CPU.ActiveCfg = Debug|Any CPU
		{3972595D-0EB8-45B4-84FD-C7182145B30A}.Debug|Any CPU.Build.0 = Debug|Any CPU
		{3972595D-0EB8-45B4-84FD-C7182145B30A}.Release|Any CPU.ActiveCfg = Release|Any CPU
		{3972595D-0EB8-45B4-84FD-C7182145B30A}.Release|Any CPU.Build.0 = Release|Any CPU
		{828CE048-5E69-42A0-B6D8-31451D423912}.Debug|Any CPU.ActiveCfg = Debug|Any CPU
		{828CE048-5E69-42A0-B6D8-31451D423912}.Debug|Any CPU.Build.0 = Debug|Any CPU
		{828CE048-5E69-42A0-B6D8-31451D423912}.Release|Any CPU.ActiveCfg = Release|Any CPU
		{828CE048-5E69-42A0-B6D8-31451D423912}.Release|Any CPU.Build.0 = Release|Any CPU
	EndGlobalSection
	GlobalSection(SolutionProperties) = preSolution
		HideSolutionNode = FALSE
	EndGlobalSection
EndGlobal
